# This file is autogenerated, do not edit; changes may be undone by the next 'dep ensure'.


[[projects]]
  name = "github.com/PuerkitoBio/goquery"
  packages = ["."]
  revision = "e1271ee34c6a305e38566ecd27ae374944907ee9"
  version = "v1.1.0"

[[projects]]
  branch = "master"
  name = "github.com/andybalholm/cascadia"
  packages = ["."]
  revision = "349dd0209470eabd9514242c688c403c0926d266"

[[projects]]
  branch = "master"
  name = "github.com/marcsantiago/logger"
  packages = ["."]
  revision = "1756ded296bc950f5bdc06e728e6b8077d30f5d5"

[[projects]]
  branch = "master"
  name = "golang.org/x/net"
  packages = [
    "html",
    "html/atom"
  ]
  revision = "d866cfc389cec985d6fda2859936a575a55a3ab6"

[solve-meta]
  analyzer-name = "dep"
  analyzer-version = 1
  inputs-digest = "442d247fe782ba4972cbbf4db6b2c0646ef509f3ba14290dbe0871c356acb956"
  solver-name = "gps-cdcl"
  solver-version = 1
